<?xml version="1.0" encoding="utf-8"?>
<Project ToolsVersion="16.0" xmlns="http://schemas.microsoft.com/developer/msbuild/2003">
  <ItemGroup>
    <ClCompile Include="C:\dev\Portfolio\audio-app\cpp-audio\src\API.cpp">
      <Filter>Source Files</Filter>
    </ClCompile>
    <ClCompile Include="C:\dev\Portfolio\audio-app\cpp-audio\src\Utilities.cpp">
      <Filter>Source Files</Filter>
    </ClCompile>
    <ClCompile Include="C:\dev\Portfolio\audio-app\cpp-audio\src\Audio\SDL2Audio.cpp">
      <Filter>Source Files</Filter>
    </ClCompile>
    <ClCompile Include="C:\dev\Portfolio\audio-app\cpp-audio\src\Components\Component.cpp">
      <Filter>Source Files</Filter>
    </ClCompile>
    <ClCompile Include="C:\dev\Portfolio\audio-app\cpp-audio\src\Components\FilterLP.cpp">
      <Filter>Source Files</Filter>
    </ClCompile>
    <ClCompile Include="C:\dev\Portfolio\audio-app\cpp-audio\src\Components\MasterMixer.cpp">
      <Filter>Source Files</Filter>
    </ClCompile>
    <ClCompile Include="C:\dev\Portfolio\audio-app\cpp-audio\src\Components\Oscillator.cpp">
      <Filter>Source Files</Filter>
    </ClCompile>
  </ItemGroup>
  <ItemGroup>
    <ClInclude Include="C:\dev\Portfolio\audio-app\cpp-audio\src\API.h">
      <Filter>Header Files</Filter>
    </ClInclude>
    <ClInclude Include="C:\dev\Portfolio\audio-app\cpp-audio\src\Utilities.h">
      <Filter>Header Files</Filter>
    </ClInclude>
    <ClInclude Include="C:\dev\Portfolio\audio-app\cpp-audio\src\Audio\IAudio.h">
      <Filter>Header Files</Filter>
    </ClInclude>
    <ClInclude Include="C:\dev\Portfolio\audio-app\cpp-audio\src\Audio\SDL2Audio.h">
      <Filter>Header Files</Filter>
    </ClInclude>
    <ClInclude Include="C:\dev\Portfolio\audio-app\cpp-audio\src\Components\Component.h">
      <Filter>Header Files</Filter>
    </ClInclude>
    <ClInclude Include="C:\dev\Portfolio\audio-app\cpp-audio\src\Components\FilterLP.h">
      <Filter>Header Files</Filter>
    </ClInclude>
    <ClInclude Include="C:\dev\Portfolio\audio-app\cpp-audio\src\Components\MasterMixer.h">
      <Filter>Header Files</Filter>
    </ClInclude>
    <ClInclude Include="C:\dev\Portfolio\audio-app\cpp-audio\src\Components\Oscillator.h">
      <Filter>Header Files</Filter>
    </ClInclude>
  </ItemGroup>
  <ItemGroup>
    <CustomBuild Include="C:\dev\Portfolio\audio-app\cpp-audio\CMakeLists.txt" />
  </ItemGroup>
  <ItemGroup>
    <Filter Include="Header Files">
      <UniqueIdentifier>{E195A159-F0E8-3B47-AE55-FFF11A7BBAB1}</UniqueIdentifier>
    </Filter>
    <Filter Include="Source Files">
      <UniqueIdentifier>{939BE8CF-DE93-3447-BB70-A39A896D9728}</UniqueIdentifier>
    </Filter>
  </ItemGroup>
</Project>
