
Microsoft Visual Studio Solution File, Format Version 12.00
# Visual Studio Version 16
VisualStudioVersion = 16.0.28917.181
MinimumVisualStudioVersion = 10.0.40219.1
Project("{8BC9CEB8-8B4A-11D0-8D11-00A0C91BC942}") = "Example", "Example\Example.vcxproj", "{28737542-243B-4633-96F2-1A3240D1DBC0}"
	ProjectSection(ProjectDependencies) = postProject
		{FEA9CC99-D8C5-4A7D-9D4E-6C59CF91DF71} = {FEA9CC99-D8C5-4A7D-9D4E-6C59CF91DF71}
	EndProjectSection
EndProject
Project("{8BC9CEB8-8B4A-11D0-8D11-00A0C91BC942}") = "AudioLib", "AudioLib\AudioLib.vcxproj", "{FEA9CC99-D8C5-4A7D-9D4E-6C59CF91DF71}"
EndProject
Global
	GlobalSection(SolutionConfigurationPlatforms) = preSolution
		Debug|x64 = Debug|x64
		Debug|x86 = Debug|x86
		Release|x64 = Release|x64
		Release|x86 = Release|x86
	EndGlobalSection
	GlobalSection(ProjectConfigurationPlatforms) = postSolution
		{FEA9CC99-D8C5-4A7D-9D4E-6C59CF91DF71}.Debug|x64.ActiveCfg = Debug|x64
		{FEA9CC99-D8C5-4A7D-9D4E-6C59CF91DF71}.Debug|x64.Build.0 = Debug|x64
		{FEA9CC99-D8C5-4A7D-9D4E-6C59CF91DF71}.Debug|x86.ActiveCfg = Debug|Win32
		{FEA9CC99-D8C5-4A7D-9D4E-6C59CF91DF71}.Debug|x86.Build.0 = Debug|Win32
		{FEA9CC99-D8C5-4A7D-9D4E-6C59CF91DF71}.Release|x64.ActiveCfg = Release|x64
		{FEA9CC99-D8C5-4A7D-9D4E-6C59CF91DF71}.Release|x64.Build.0 = Release|x64
		{FEA9CC99-D8C5-4A7D-9D4E-6C59CF91DF71}.Release|x86.ActiveCfg = Release|Win32
		{FEA9CC99-D8C5-4A7D-9D4E-6C59CF91DF71}.Release|x86.Build.0 = Release|Win32
		{28737542-243B-4633-96F2-1A3240D1DBC0}.Debug|x64.ActiveCfg = Debug|x64
		{28737542-243B-4633-96F2-1A3240D1DBC0}.Debug|x64.Build.0 = Debug|x64
		{28737542-243B-4633-96F2-1A3240D1DBC0}.Debug|x86.ActiveCfg = Debug|Win32
		{28737542-243B-4633-96F2-1A3240D1DBC0}.Debug|x86.Build.0 = Debug|Win32
		{28737542-243B-4633-96F2-1A3240D1DBC0}.Release|x64.ActiveCfg = Release|x64
		{28737542-243B-4633-96F2-1A3240D1DBC0}.Release|x64.Build.0 = Release|x64
		{28737542-243B-4633-96F2-1A3240D1DBC0}.Release|x86.ActiveCfg = Release|Win32
		{28737542-243B-4633-96F2-1A3240D1DBC0}.Release|x86.Build.0 = Release|Win32
	EndGlobalSection
	GlobalSection(SolutionProperties) = preSolution
		HideSolutionNode = FALSE
	EndGlobalSection
	GlobalSection(ExtensibilityGlobals) = postSolution
		SolutionGuid = {59BAB5F7-45B7-4D24-BF58-EFE6B376F16E}
	EndGlobalSection
EndGlobal
