<?xml version="1.0" encoding="utf-8"?>
<Project ToolsVersion="16.0" xmlns="http://schemas.microsoft.com/developer/msbuild/2003">
  <ItemGroup>
    <ClCompile Include="C:\dev\Portfolio\audio-app\cpp-audio\src\Example\Main.cpp">
      <Filter>Source Files</Filter>
    </ClCompile>
  </ItemGroup>
  <ItemGroup>
    <ClInclude Include="C:\dev\Portfolio\audio-app\cpp-audio\src\Example\TestLoop.h">
      <Filter>Header Files</Filter>
    </ClInclude>
    <ClInclude Include="C:\dev\Portfolio\audio-app\cpp-audio\src\Example\TestLoopMacros.h">
      <Filter>Header Files</Filter>
    </ClInclude>
  </ItemGroup>
  <ItemGroup>
    <CustomBuild Include="C:\dev\Portfolio\audio-app\cpp-audio\CMakeLists.txt" />
  </ItemGroup>
  <ItemGroup>
    <Filter Include="Header Files">
      <UniqueIdentifier>{973444CD-5791-3976-8E67-CAD44D7A8CF8}</UniqueIdentifier>
    </Filter>
    <Filter Include="Source Files">
      <UniqueIdentifier>{8A6AC318-7A54-3682-B6FA-DEB7C303413B}</UniqueIdentifier>
    </Filter>
  </ItemGroup>
</Project>
