<?xml version="1.0" encoding="utf-8"?>
<Project ToolsVersion="16.0" xmlns="http://schemas.microsoft.com/developer/msbuild/2003">
  <ItemGroup>
    <CustomBuild Include="C:\dev\Portfolio\audio-app\cpp-audio\vs2019\CMakeFiles\6bc181ae5a710ac245a2df19508fe206\generate.stamp.rule">
      <Filter>CMake Rules</Filter>
    </CustomBuild>
  </ItemGroup>
  <ItemGroup>
    <Filter Include="CMake Rules">
      <UniqueIdentifier>{B07C22B1-284C-30B6-8ADA-0597AC332721}</UniqueIdentifier>
    </Filter>
  </ItemGroup>
</Project>
